
Microsoft Visual Studio Solution File, Format Version 12.00
# Visual Studio Version 16
VisualStudioVersion = 16.0.29728.190
MinimumVisualStudioVersion = 10.0.40219.1
Project("{FAE04EC0-301F-11D3-BF4B-00C04F79EFBC}") = "CosmosDb_learning", "CosmosDb_learning\CosmosDb_learning.csproj", "{250C6183-935F-477E-A3A7-E90266ACF1E9}"
EndProject
Project("{FAE04EC0-301F-11D3-BF4B-00C04F79EFBC}") = "AzureDocument", "AzureDocument\AzureDocument.csproj", "{FDE816A2-80EC-47FD-86BA-4B2F667DA7F2}"
EndProject
Project("{FAE04EC0-301F-11D3-BF4B-00C04F79EFBC}") = "ServiceBus", "ServiceBus\ServiceBus.csproj", "{80E0CA87-410A-4259-93FE-E155189F2BA8}"
EndProject
Project("{FAE04EC0-301F-11D3-BF4B-00C04F79EFBC}") = "ServiceBusReceiver", "ServiceBusReceiver\ServiceBusReceiver.csproj", "{A544F121-1FFD-4447-AEF6-F0C558A6CC16}"
EndProject
Global
	GlobalSection(SolutionConfigurationPlatforms) = preSolution
		Debug|Any CPU = Debug|Any CPU
		Release|Any CPU = Release|Any CPU
	EndGlobalSection
	GlobalSection(ProjectConfigurationPlatforms) = postSolution
		{250C6183-935F-477E-A3A7-E90266ACF1E9}.Debug|Any CPU.ActiveCfg = Debug|Any CPU
		{250C6183-935F-477E-A3A7-E90266ACF1E9}.Debug|Any CPU.Build.0 = Debug|Any CPU
		{250C6183-935F-477E-A3A7-E90266ACF1E9}.Release|Any CPU.ActiveCfg = Release|Any CPU
		{250C6183-935F-477E-A3A7-E90266ACF1E9}.Release|Any CPU.Build.0 = Release|Any CPU
		{FDE816A2-80EC-47FD-86BA-4B2F667DA7F2}.Debug|Any CPU.ActiveCfg = Debug|Any CPU
		{FDE816A2-80EC-47FD-86BA-4B2F667DA7F2}.Debug|Any CPU.Build.0 = Debug|Any CPU
		{FDE816A2-80EC-47FD-86BA-4B2F667DA7F2}.Release|Any CPU.ActiveCfg = Release|Any CPU
		{FDE816A2-80EC-47FD-86BA-4B2F667DA7F2}.Release|Any CPU.Build.0 = Release|Any CPU
		{80E0CA87-410A-4259-93FE-E155189F2BA8}.Debug|Any CPU.ActiveCfg = Debug|Any CPU
		{80E0CA87-410A-4259-93FE-E155189F2BA8}.Debug|Any CPU.Build.0 = Debug|Any CPU
		{80E0CA87-410A-4259-93FE-E155189F2BA8}.Release|Any CPU.ActiveCfg = Release|Any CPU
		{80E0CA87-410A-4259-93FE-E155189F2BA8}.Release|Any CPU.Build.0 = Release|Any CPU
		{A544F121-1FFD-4447-AEF6-F0C558A6CC16}.Debug|Any CPU.ActiveCfg = Debug|Any CPU
		{A544F121-1FFD-4447-AEF6-F0C558A6CC16}.Debug|Any CPU.Build.0 = Debug|Any CPU
		{A544F121-1FFD-4447-AEF6-F0C558A6CC16}.Release|Any CPU.ActiveCfg = Release|Any CPU
		{A544F121-1FFD-4447-AEF6-F0C558A6CC16}.Release|Any CPU.Build.0 = Release|Any CPU
	EndGlobalSection
	GlobalSection(SolutionProperties) = preSolution
		HideSolutionNode = FALSE
	EndGlobalSection
	GlobalSection(ExtensibilityGlobals) = postSolution
		SolutionGuid = {CC6A8D4F-0DB9-42AE-9391-A4B0F70DF10D}
	EndGlobalSection
EndGlobal
